
Microsoft Visual Studio Solution File, Format Version 12.00
# Visual Studio Version 17
VisualStudioVersion = 17.4.33110.190
MinimumVisualStudioVersion = 10.0.40219.1
Project("{FAE04EC0-301F-11D3-BF4B-00C04F79EFBC}") = "Introduction", "Introduction\Introduction.csproj", "{61ED236C-7C66-4F82-B7FA-7401EEF1CDEA}"
EndProject
Global
	GlobalSection(SolutionConfigurationPlatforms) = preSolution
		Debug|Any CPU = Debug|Any CPU
		Release|Any CPU = Release|Any CPU
	EndGlobalSection
	GlobalSection(ProjectConfigurationPlatforms) = postSolution
		{61ED236C-7C66-4F82-B7FA-7401EEF1CDEA}.Debug|Any CPU.ActiveCfg = Debug|Any CPU
		{61ED236C-7C66-4F82-B7FA-7401EEF1CDEA}.Debug|Any CPU.Build.0 = Debug|Any CPU
		{61ED236C-7C66-4F82-B7FA-7401EEF1CDEA}.Release|Any CPU.ActiveCfg = Release|Any CPU
		{61ED236C-7C66-4F82-B7FA-7401EEF1CDEA}.Release|Any CPU.Build.0 = Release|Any CPU
	EndGlobalSection
	GlobalSection(SolutionProperties) = preSolution
		HideSolutionNode = FALSE
	EndGlobalSection
	GlobalSection(ExtensibilityGlobals) = postSolution
		SolutionGuid = {4D7669F1-72D2-485E-9798-2CBC08891ABD}
	EndGlobalSection
EndGlobal
